
Microsoft Visual Studio Solution File, Format Version 12.00
# Visual Studio 15
VisualStudioVersion = 15.0.28307.136
MinimumVisualStudioVersion = 10.0.40219.1
Project("{FAE04EC0-301F-11D3-BF4B-00C04F79EFBC}") = "GettingStartedLib", "GettingStartedLib\GettingStartedLib.csproj", "{4994D0A6-8DB0-4AA8-BA83-DD1C16631053}"
EndProject
Project("{FAE04EC0-301F-11D3-BF4B-00C04F79EFBC}") = "GettingStartedHost", "GettingStartedHost\GettingStartedHost.csproj", "{9A1D1FA0-60F7-4943-BB96-7EA4B35E0605}"
EndProject
Project("{FAE04EC0-301F-11D3-BF4B-00C04F79EFBC}") = "GettingStartedClient", "GettingStartedClient\GettingStartedClient.csproj", "{3AD7FDF7-614A-4140-BF98-82301CD81ADB}"
	ProjectSection(ProjectDependencies) = postProject
		{4994D0A6-8DB0-4AA8-BA83-DD1C16631053} = {4994D0A6-8DB0-4AA8-BA83-DD1C16631053}
	EndProjectSection
EndProject
Project("{FAE04EC0-301F-11D3-BF4B-00C04F79EFBC}") = "ProxyClient", "ProxyClient\ProxyClient.csproj", "{3A1A83C4-23A1-4A54-A445-E27E91E59258}"
	ProjectSection(ProjectDependencies) = postProject
		{4994D0A6-8DB0-4AA8-BA83-DD1C16631053} = {4994D0A6-8DB0-4AA8-BA83-DD1C16631053}
	EndProjectSection
EndProject
Global
	GlobalSection(SolutionConfigurationPlatforms) = preSolution
		Debug|Any CPU = Debug|Any CPU
		Release|Any CPU = Release|Any CPU
	EndGlobalSection
	GlobalSection(ProjectConfigurationPlatforms) = postSolution
		{4994D0A6-8DB0-4AA8-BA83-DD1C16631053}.Debug|Any CPU.ActiveCfg = Debug|Any CPU
		{4994D0A6-8DB0-4AA8-BA83-DD1C16631053}.Debug|Any CPU.Build.0 = Debug|Any CPU
		{4994D0A6-8DB0-4AA8-BA83-DD1C16631053}.Release|Any CPU.ActiveCfg = Release|Any CPU
		{4994D0A6-8DB0-4AA8-BA83-DD1C16631053}.Release|Any CPU.Build.0 = Release|Any CPU
		{9A1D1FA0-60F7-4943-BB96-7EA4B35E0605}.Debug|Any CPU.ActiveCfg = Debug|Any CPU
		{9A1D1FA0-60F7-4943-BB96-7EA4B35E0605}.Debug|Any CPU.Build.0 = Debug|Any CPU
		{9A1D1FA0-60F7-4943-BB96-7EA4B35E0605}.Release|Any CPU.ActiveCfg = Release|Any CPU
		{9A1D1FA0-60F7-4943-BB96-7EA4B35E0605}.Release|Any CPU.Build.0 = Release|Any CPU
		{3AD7FDF7-614A-4140-BF98-82301CD81ADB}.Debug|Any CPU.ActiveCfg = Debug|Any CPU
		{3AD7FDF7-614A-4140-BF98-82301CD81ADB}.Debug|Any CPU.Build.0 = Debug|Any CPU
		{3AD7FDF7-614A-4140-BF98-82301CD81ADB}.Release|Any CPU.ActiveCfg = Release|Any CPU
		{3AD7FDF7-614A-4140-BF98-82301CD81ADB}.Release|Any CPU.Build.0 = Release|Any CPU
		{3A1A83C4-23A1-4A54-A445-E27E91E59258}.Debug|Any CPU.ActiveCfg = Debug|Any CPU
		{3A1A83C4-23A1-4A54-A445-E27E91E59258}.Debug|Any CPU.Build.0 = Debug|Any CPU
		{3A1A83C4-23A1-4A54-A445-E27E91E59258}.Release|Any CPU.ActiveCfg = Release|Any CPU
		{3A1A83C4-23A1-4A54-A445-E27E91E59258}.Release|Any CPU.Build.0 = Release|Any CPU
	EndGlobalSection
	GlobalSection(SolutionProperties) = preSolution
		HideSolutionNode = FALSE
	EndGlobalSection
	GlobalSection(ExtensibilityGlobals) = postSolution
		SolutionGuid = {ADF205E1-51B0-40AE-8537-8D02DF710350}
	EndGlobalSection
EndGlobal
